{
  "name": "assesment4",
  "version": "1.0.0",
  "lockfileVersion": 1,
  "requires": true,
  "dependencies": {
    "boom": {
      "version": "7.3.0",
      "resolved": "https://registry.npmjs.org/boom/-/boom-7.3.0.tgz",
      "integrity": "sha512-Swpoyi2t5+GhOEGw8rEsKvTxFLIDiiKoUc2gsoV6Lyr43LHBIzch3k2MvYUs8RTROrIkVJ3Al0TkaOGjnb+B6A==",
      "requires": {
        "hoek": "6.x.x"
      }
    },
    "express-boom": {
      "version": "3.0.0",
      "resolved": "https://registry.npmjs.org/express-boom/-/express-boom-3.0.0.tgz",
      "integrity": "sha512-/esN6Am8YE1rzRsi+vBpJkdr8O+GX+oBjRE/hEuBu6Y3uyS9y026XptRZduAMYS8KxyLzXM5Qh+RlnqLOR1pVQ==",
      "requires": {
        "boom": "^7.3.x"
      }
    },
    "hoek": {
      "version": "6.1.3",
      "resolved": "https://registry.npmjs.org/hoek/-/hoek-6.1.3.tgz",
      "integrity": "sha512-YXXAAhmF9zpQbC7LEcREFtXfGq5K1fmd+4PHkBq8NUqmzW3G+Dq10bI/i0KucLRwss3YYFQ0fSfoxBZYiGUqtQ=="
    },
    "swagger-ui-dist": {
      "version": "3.24.2",
      "resolved": "https://registry.npmjs.org/swagger-ui-dist/-/swagger-ui-dist-3.24.2.tgz",
      "integrity": "sha512-Nhx9hODibHEa53ErTrguM/N0XaEBcQeKkTlfgJvRwMo/CrJI6ncy8xKOh3meSqQj+oVqz2nhWjMBBudJsRYz5g=="
    },
    "swagger-ui-express": {
      "version": "4.1.2",
      "resolved": "https://registry.npmjs.org/swagger-ui-express/-/swagger-ui-express-4.1.2.tgz",
      "integrity": "sha512-bVT16qj6WdNlEKFkSLOoTeGuqEm2lfOFRq6mVHAx+viA/ikORE+n4CS3WpVcYmQzM4HE6+DUFgAWcMRBJNpjcw==",
      "requires": {
        "swagger-ui-dist": "^3.18.1"
      }
    }
  }
}
